
Microsoft Visual Studio Solution File, Format Version 12.00
# Visual Studio Version 17
VisualStudioVersion = 17.1.32421.90
MinimumVisualStudioVersion = 10.0.40219.1
Project("{FAE04EC0-301F-11D3-BF4B-00C04F79EFBC}") = "tModLoader_Mods_to_links", "tModLoader_Mods_to_links.csproj", "{292BBCD0-E894-4D30-A38A-3D9713BD2D85}"
EndProject
Global
	GlobalSection(SolutionConfigurationPlatforms) = preSolution
		Debug|Any CPU = Debug|Any CPU
		Release|Any CPU = Release|Any CPU
	EndGlobalSection
	GlobalSection(ProjectConfigurationPlatforms) = postSolution
		{292BBCD0-E894-4D30-A38A-3D9713BD2D85}.Debug|Any CPU.ActiveCfg = Debug|Any CPU
		{292BBCD0-E894-4D30-A38A-3D9713BD2D85}.Debug|Any CPU.Build.0 = Debug|Any CPU
		{292BBCD0-E894-4D30-A38A-3D9713BD2D85}.Release|Any CPU.ActiveCfg = Release|Any CPU
		{292BBCD0-E894-4D30-A38A-3D9713BD2D85}.Release|Any CPU.Build.0 = Release|Any CPU
	EndGlobalSection
	GlobalSection(SolutionProperties) = preSolution
		HideSolutionNode = FALSE
	EndGlobalSection
	GlobalSection(ExtensibilityGlobals) = postSolution
		SolutionGuid = {4C16753D-3B26-4483-A051-D374B7E70BB0}
	EndGlobalSection
EndGlobal
